// !$*UTF8*$!
{
	archiveVersion = 1;
	classes = {
	};
	objectVersion = 46;
	objects = {

/* Begin PBXBuildFile section */
		43027B381EB7CA5800D77D27 /* AppDelegate.swift in Sources */ = {isa = PBXBuildFile; fileRef = 43027B371EB7CA5800D77D27 /* AppDelegate.swift */; };
		43027B3A1EB7CA5800D77D27 /* ViewController.swift in Sources */ = {isa = PBXBuildFile; fileRef = 43027B391EB7CA5800D77D27 /* ViewController.swift */; };
		43027B3D1EB7CA5800D77D27 /* Main.storyboard in Resources */ = {isa = PBXBuildFile; fileRef = 43027B3B1EB7CA5800D77D27 /* Main.storyboard */; };
		43027B3F1EB7CA5800D77D27 /* Assets.xcassets in Resources */ = {isa = PBXBuildFile; fileRef = 43027B3E1EB7CA5800D77D27 /* Assets.xcassets */; };
		43027B421EB7CA5800D77D27 /* LaunchScreen.storyboard in Resources */ = {isa = PBXBuildFile; fileRef = 43027B401EB7CA5800D77D27 /* LaunchScreen.storyboard */; };
		431C7CE71EB8F55800599259 /* CalculatorBrain.swift in Sources */ = {isa = PBXBuildFile; fileRef = 431C7CE61EB8F55800599259 /* CalculatorBrain.swift */; };
/* End PBXBuildFile section */

/* Begin PBXFileReference section */
		43027B341EB7CA5800D77D27 /* Calculator.app */ = {isa = PBXFileReference; explicitFileType = wrapper.application; includeInIndex = 0; path = Calculator.app; sourceTree = BUILT_PRODUCTS_DIR; };
		43027B371EB7CA5800D77D27 /* AppDelegate.swift */ = {isa = PBXFileReference; lastKnownFileType = sourcecode.swift; path = AppDelegate.swift; sourceTree = "<group>"; };
		43027B391EB7CA5800D77D27 /* ViewController.swift */ = {isa = PBXFileReference; lastKnownFileType = sourcecode.swift; path = ViewController.swift; sourceTree = "<group>"; };
		43027B3C1EB7CA5800D77D27 /* Base */ = {isa = PBXFileReference; lastKnownFileType = file.storyboard; name = Base; path = Base.lproj/Main.storyboard; sourceTree = "<group>"; };
		43027B3E1EB7CA5800D77D27 /* Assets.xcassets */ = {isa = PBXFileReference; lastKnownFileType = folder.assetcatalog; path = Assets.xcassets; sourceTree = "<group>"; };
		43027B411EB7CA5800D77D27 /* Base */ = {isa = PBXFileReference; lastKnownFileType = file.storyboard; name = Base; path = Base.lproj/LaunchScreen.storyboard; sourceTree = "<group>"; };
		43027B431EB7CA5800D77D27 /* Info.plist */ = {isa = PBXFileReference; lastKnownFileType = text.plist.xml; path = Info.plist; sourceTree = "<group>"; };
		431C7CE61EB8F55800599259 /* CalculatorBrain.swift */ = {isa = PBXFileReference; fileEncoding = 4; lastKnownFileType = sourcecode.swift; path = CalculatorBrain.swift; sourceTree = "<group>"; };
/* End PBXFileReference section */

/* Begin PBXFrameworksBuildPhase section */
		43027B311EB7CA5800D77D27 /* Frameworks */ = {
			isa = PBXFrameworksBuildPhase;
			buildActionMask = 2147483647;
			files = (
			);
			runOnlyForDeploymentPostprocessing = 0;
		};
/* End PBXFrameworksBuildPhase section */

/* Begin PBXGroup section */
		43027B2B1EB7CA5800D77D27 = {
			isa = PBXGroup;
			children = (
				43027B361EB7CA5800D77D27 /* Calculator */,
				43027B351EB7CA5800D77D27 /* Products */,
			);
			sourceTree = "<group>";
		};
		43027B351EB7CA5800D77D27 /* Products */ = {
			isa = PBXGroup;
			children = (
				43027B341EB7CA5800D77D27 /* Calculator.app */,
			);
			name = Products;
			sourceTree = "<group>";
		};
		43027B361EB7CA5800D77D27 /* Calculator */ = {
			isa = PBXGroup;
			children = (
				431C7CE61EB8F55800599259 /* CalculatorBrain.swift */,
				43027B491EB7CD3D00D77D27 /* Supporting files */,
				43027B391EB7CA5800D77D27 /* ViewController.swift */,
				43027B3B1EB7CA5800D77D27 /* Main.storyboard */,
			);
			path = Calculator;
			sourceTree = "<group>";
		};
		43027B491EB7CD3D00D77D27 /* Supporting files */ = {
			isa = PBXGroup;
			children = (
				43027B371EB7CA5800D77D27 /* AppDelegate.swift */,
				43027B3E1EB7CA5800D77D27 /* Assets.xcassets */,
				43027B401EB7CA5800D77D27 /* LaunchScreen.storyboard */,
				43027B431EB7CA5800D77D27 /* Info.plist */,
			);
			name = "Supporting files";
			sourceTree = "<group>";
		};
/* End PBXGroup section */

/* Begin PBXNativeTarget section */
		43027B331EB7CA5800D77D27 /* Calculator */ = {
			isa = PBXNativeTarget;
			buildConfigurationList = 43027B461EB7CA5800D77D27 /* Build configuration list for PBXNativeTarget "Calculator" */;
			buildPhases = (
				43027B301EB7CA5800D77D27 /* Sources */,
				43027B311EB7CA5800D77D27 /* Frameworks */,
				43027B321EB7CA5800D77D27 /* Resources */,
			);
			buildRules = (
			);
			dependencies = (
			);
			name = Calculator;
			productName = Calculator;
			productReference = 43027B341EB7CA5800D77D27 /* Calculator.app */;
			productType = "com.apple.product-type.application";
		};
/* End PBXNativeTarget section */

/* Begin PBXProject section */
		43027B2C1EB7CA5800D77D27 /* Project object */ = {
			isa = PBXProject;
			attributes = {
				LastSwiftUpdateCheck = 0830;
				LastUpgradeCheck = 0830;
				ORGANIZATIONNAME = "Jennifer Owens";
				TargetAttributes = {
					43027B331EB7CA5800D77D27 = {
						CreatedOnToolsVersion = 8.3.2;
						DevelopmentTeam = N5UFB7K2JF;
						ProvisioningStyle = Automatic;
					};
				};
			};
			buildConfigurationList = 43027B2F1EB7CA5800D77D27 /* Build configuration list for PBXProject "Calculator" */;
			compatibilityVersion = "Xcode 3.2";
			developmentRegion = English;
			hasScannedForEncodings = 0;
			knownRegions = (
				en,
				Base,
			);
			mainGroup = 43027B2B1EB7CA5800D77D27;
			productRefGroup = 43027B351EB7CA5800D77D27 /* Products */;
			projectDirPath = "";
			projectRoot = "";
			targets = (
				43027B331EB7CA5800D77D27 /* Calculator */,
			);
		};
/* End PBXProject section */

/* Begin PBXResourcesBuildPhase section */
		43027B321EB7CA5800D77D27 /* Resources */ = {
			isa = PBXResourcesBuildPhase;
			buildActionMask = 2147483647;
			files = (
				43027B421EB7CA5800D77D27 /* LaunchScreen.storyboard in Resources */,
				43027B3F1EB7CA5800D77D27 /* Assets.xcassets in Resources */,
				43027B3D1EB7CA5800D77D27 /* Main.storyboard in Resources */,
			);
			runOnlyForDeploymentPostprocessing = 0;
		};
/* End PBXResourcesBuildPhase section */

/* Begin PBXSourcesBuildPhase section */
		43027B301EB7CA5800D77D27 /* Sources */ = {
			isa = PBXSourcesBuildPhase;
			buildActionMask = 2147483647;
			files = (
				431C7CE71EB8F55800599259 /* CalculatorBrain.swift in Sources */,
				43027B3A1EB7CA5800D77D27 /* ViewController.swift in Sources */,
				43027B381EB7CA5800D77D27 /* AppDelegate.swift in Sources */,
			);
			runOnlyForDeploymentPostprocessing = 0;
		};
/* End PBXSourcesBuildPhase section */

/* Begin PBXVariantGroup section */
		43027B3B1EB7CA5800D77D27 /* Main.storyboard */ = {
			isa = PBXVariantGroup;
			children = (
				43027B3C1EB7CA5800D77D27 /* Base */,
			);
			name = Main.storyboard;
			sourceTree = "<group>";
		};
		43027B401EB7CA5800D77D27 /* LaunchScreen.storyboard */ = {
			isa = PBXVariantGroup;
			children = (
				43027B411EB7CA5800D77D27 /* Base */,
			);
			name = LaunchScreen.storyboard;
			sourceTree = "<group>";
		};
/* End PBXVariantGroup section */

/* Begin XCBuildConfiguration section */
		43027B441EB7CA5800D77D27 /* Debug */ = {
			isa = XCBuildConfiguration;
			buildSettings = {
				ALWAYS_SEARCH_USER_PATHS = NO;
				CLANG_ANALYZER_NONNULL = YES;
				CLANG_ANALYZER_NUMBER_OBJECT_CONVERSION = YES_AGGRESSIVE;
				CLANG_CXX_LANGUAGE_STANDARD = "gnu++0x";
				CLANG_CXX_LIBRARY = "libc++";
				CLANG_ENABLE_MODULES = YES;
				CLANG_ENABLE_OBJC_ARC = YES;
				CLANG_WARN_BOOL_CONVERSION = YES;
				CLANG_WARN_CONSTANT_CONVERSION = YES;
				CLANG_WARN_DIRECT_OBJC_ISA_USAGE = YES_ERROR;
				CLANG_WARN_DOCUMENTATION_COMMENTS = YES;
				CLANG_WARN_EMPTY_BODY = YES;
				CLANG_WARN_ENUM_CONVERSION = YES;
				CLANG_WARN_INFINITE_RECURSION = YES;
				CLANG_WARN_INT_CONVERSION = YES;
				CLANG_WARN_OBJC_ROOT_CLASS = YES_ERROR;
				CLANG_WARN_SUSPICIOUS_MOVE = YES;
				CLANG_WARN_UNREACHABLE_CODE = YES;
				CLANG_WARN__DUPLICATE_METHOD_MATCH = YES;
				"CODE_SIGN_IDENTITY[sdk=iphoneos*]" = "iPhone Developer";
				COPY_PHASE_STRIP = NO;
				DEBUG_INFORMATION_FORMAT = dwarf;
				ENABLE_STRICT_OBJC_MSGSEND = YES;
				ENABLE_TESTABILITY = YES;
				GCC_C_LANGUAGE_STANDARD = gnu99;
				GCC_DYNAMIC_NO_PIC = NO;
				GCC_NO_COMMON_BLOCKS = YES;
				GCC_OPTIMIZATION_LEVEL = 0;
				GCC_PREPROCESSOR_DEFINITIONS = (
					"DEBUG=1",
					"$(inherited)",
				);
				GCC_WARN_64_TO_32_BIT_CONVERSION = YES;
				GCC_WARN_ABOUT_RETURN_TYPE = YES_ERROR;
				GCC_WARN_UNDECLARED_SELECTOR = YES;
				GCC_WARN_UNINITIALIZED_AUTOS = YES_AGGRESSIVE;
				GCC_WARN_UNUSED_FUNCTION = YES;
				GCC_WARN_UNUSED_VARIABLE = YES;
				IPHONEOS_DEPLOYMENT_TARGET = 10.3;
				MTL_ENABLE_DEBUG_INFO = YES;
				ONLY_ACTIVE_ARCH = YES;
				SDKROOT = iphoneos;
				SWIFT_ACTIVE_COMPILATION_CONDITIONS = DEBUG;
				SWIFT_OPTIMIZATION_LEVEL = "-Onone";
				TARGETED_DEVICE_FAMILY = "1,2";
			};
			name = Debug;
		};
		43027B451EB7CA5800D77D27 /* Release */ = {
			isa = XCBuildConfiguration;
			buildSettings = {
				ALWAYS_SEARCH_USER_PATHS = NO;
				CLANG_ANALYZER_NONNULL = YES;
				CLANG_ANALYZER_NUMBER_OBJECT_CONVERSION = YES_AGGRESSIVE;
				CLANG_CXX_LANGUAGE_STANDARD = "gnu++0x";
				CLANG_CXX_LIBRARY = "libc++";
				CLANG_ENABLE_MODULES = YES;
				CLANG_ENABLE_OBJC_ARC = YES;
				CLANG_WARN_BOOL_CONVERSION = YES;
				CLANG_WARN_CONSTANT_CONVERSION = YES;
				CLANG_WARN_DIRECT_OBJC_ISA_USAGE = YES_ERROR;
				CLANG_WARN_DOCUMENTATION_COMMENTS = YES;
				CLANG_WARN_EMPTY_BODY = YES;
				CLANG_WARN_ENUM_CONVERSION = YES;
				CLANG_WARN_INFINITE_RECURSION = YES;
				CLANG_WARN_INT_CONVERSION = YES;
				CLANG_WARN_OBJC_ROOT_CLASS = YES_ERROR;
				CLANG_WARN_SUSPICIOUS_MOVE = YES;
				CLANG_WARN_UNREACHABLE_CODE = YES;
				CLANG_WARN__DUPLICATE_METHOD_MATCH = YES;
				"CODE_SIGN_IDENTITY[sdk=iphoneos*]" = "iPhone Developer";
				COPY_PHASE_STRIP = NO;
				DEBUG_INFORMATION_FORMAT = "dwarf-with-dsym";
				ENABLE_NS_ASSERTIONS = NO;
				ENABLE_STRICT_OBJC_MSGSEND = YES;
				GCC_C_LANGUAGE_STANDARD = gnu99;
				GCC_NO_COMMON_BLOCKS = YES;
				GCC_WARN_64_TO_32_BIT_CONVERSION = YES;
				GCC_WARN_ABOUT_RETURN_TYPE = YES_ERROR;
				GCC_WARN_UNDECLARED_SELECTOR = YES;
				GCC_WARN_UNINITIALIZED_AUTOS = YES_AGGRESSIVE;
				GCC_WARN_UNUSED_FUNCTION = YES;
				GCC_WARN_UNUSED_VARIABLE = YES;
				IPHONEOS_DEPLOYMENT_TARGET = 10.3;
				MTL_ENABLE_DEBUG_INFO = NO;
				SDKROOT = iphoneos;
				SWIFT_OPTIMIZATION_LEVEL = "-Owholemodule";
				TARGETED_DEVICE_FAMILY = "1,2";
				VALIDATE_PRODUCT = YES;
			};
			name = Release;
		};
		43027B471EB7CA5800D77D27 /* Debug */ = {
			isa = XCBuildConfiguration;
			buildSettings = {
				ASSETCATALOG_COMPILER_APPICON_NAME = AppIcon;
				DEVELOPMENT_TEAM = N5UFB7K2JF;
				INFOPLIST_FILE = Calculator/Info.plist;
				IPHONEOS_DEPLOYMENT_TARGET = 10.1;
				LD_RUNPATH_SEARCH_PATHS = "$(inherited) @executable_path/Frameworks";
				PRODUCT_BUNDLE_IDENTIFIER = edu.stanford.cs193p.adainternjenniferowens.Calculator;
				PRODUCT_NAME = "$(TARGET_NAME)";
				SWIFT_VERSION = 3.0;
			};
			name = Debug;
		};
		43027B481EB7CA5800D77D27 /* Release */ = {
			isa = XCBuildConfiguration;
			buildSettings = {
				ASSETCATALOG_COMPILER_APPICON_NAME = AppIcon;
				DEVELOPMENT_TEAM = N5UFB7K2JF;
				INFOPLIST_FILE = Calculator/Info.plist;
				IPHONEOS_DEPLOYMENT_TARGET = 10.1;
				LD_RUNPATH_SEARCH_PATHS = "$(inherited) @executable_path/Frameworks";
				PRODUCT_BUNDLE_IDENTIFIER = edu.stanford.cs193p.adainternjenniferowens.Calculator;
				PRODUCT_NAME = "$(TARGET_NAME)";
				SWIFT_VERSION = 3.0;
			};
			name = Release;
		};
/* End XCBuildConfiguration section */

/* Begin XCConfigurationList section */
		43027B2F1EB7CA5800D77D27 /* Build configuration list for PBXProject "Calculator" */ = {
			isa = XCConfigurationList;
			buildConfigurations = (
				43027B441EB7CA5800D77D27 /* Debug */,
				43027B451EB7CA5800D77D27 /* Release */,
			);
			defaultConfigurationIsVisible = 0;
			defaultConfigurationName = Release;
		};
		43027B461EB7CA5800D77D27 /* Build configuration list for PBXNativeTarget "Calculator" */ = {
			isa = XCConfigurationList;
			buildConfigurations = (
				43027B471EB7CA5800D77D27 /* Debug */,
				43027B481EB7CA5800D77D27 /* Release */,
			);
			defaultConfigurationIsVisible = 0;
			defaultConfigurationName = Release;
		};
/* End XCConfigurationList section */
	};
	rootObject = 43027B2C1EB7CA5800D77D27 /* Project object */;
}
